
Microsoft Visual Studio Solution File, Format Version 12.00
# Visual Studio Version 17
VisualStudioVersion = 17.13.35931.197 d17.13
MinimumVisualStudioVersion = 10.0.40219.1
Project("{FAE04EC0-301F-11D3-BF4B-00C04F79EFBC}") = "WebWeatherForecast", "WebWeatherForecast.csproj", "{A9836881-1897-451A-8FA4-B38DF99B0E94}"
EndProject
Global
	GlobalSection(SolutionConfigurationPlatforms) = preSolution
		Debug|Any CPU = Debug|Any CPU
		Release|Any CPU = Release|Any CPU
	EndGlobalSection
	GlobalSection(ProjectConfigurationPlatforms) = postSolution
		{A9836881-1897-451A-8FA4-B38DF99B0E94}.Debug|Any CPU.ActiveCfg = Debug|Any CPU
		{A9836881-1897-451A-8FA4-B38DF99B0E94}.Debug|Any CPU.Build.0 = Debug|Any CPU
		{A9836881-1897-451A-8FA4-B38DF99B0E94}.Release|Any CPU.ActiveCfg = Release|Any CPU
		{A9836881-1897-451A-8FA4-B38DF99B0E94}.Release|Any CPU.Build.0 = Release|Any CPU
	EndGlobalSection
	GlobalSection(SolutionProperties) = preSolution
		HideSolutionNode = FALSE
	EndGlobalSection
	GlobalSection(ExtensibilityGlobals) = postSolution
		SolutionGuid = {76895028-66AC-42F1-A899-F1B203EE3F6F}
	EndGlobalSection
EndGlobal
